
Microsoft Visual Studio Solution File, Format Version 11.00
# Visual Studio 2010
Project("{FAE04EC0-301F-11D3-BF4B-00C04F79EFBC}") = "Byatool.Funcational", "Byatool.Funcational\Byatool.Funcational.csproj", "{EC391338-4D48-4C7D-8EEA-906BAA30A1CD}"
EndProject
Global
	GlobalSection(SolutionConfigurationPlatforms) = preSolution
		Debug|Any CPU = Debug|Any CPU
		Release|Any CPU = Release|Any CPU
	EndGlobalSection
	GlobalSection(ProjectConfigurationPlatforms) = postSolution
		{EC391338-4D48-4C7D-8EEA-906BAA30A1CD}.Debug|Any CPU.ActiveCfg = Debug|Any CPU
		{EC391338-4D48-4C7D-8EEA-906BAA30A1CD}.Debug|Any CPU.Build.0 = Debug|Any CPU
		{EC391338-4D48-4C7D-8EEA-906BAA30A1CD}.Release|Any CPU.ActiveCfg = Release|Any CPU
		{EC391338-4D48-4C7D-8EEA-906BAA30A1CD}.Release|Any CPU.Build.0 = Release|Any CPU
	EndGlobalSection
	GlobalSection(SolutionProperties) = preSolution
		HideSolutionNode = FALSE
	EndGlobalSection
EndGlobal
